// !$*UTF8*$!
{
	archiveVersion = 1;
	classes = {
	};
	objectVersion = 46;
	objects = {

/* Begin PBXBuildFile section */
		66E53CCB48DF80BB866AE136 /* Pods_Social_FeedTests.framework in Frameworks */ = {isa = PBXBuildFile; fileRef = F55AF61A3FED9054E5960D03 /* Pods_Social_FeedTests.framework */; };
		777E95972F4293A70EF895F1 /* Pods_Social_Feed.framework in Frameworks */ = {isa = PBXBuildFile; fileRef = 6F7578EF6CA04483A32CB35F /* Pods_Social_Feed.framework */; };
		C88CD2471F3376E100F630BE /* AppDelegate.swift in Sources */ = {isa = PBXBuildFile; fileRef = C88CD2461F3376E100F630BE /* AppDelegate.swift */; };
		C88CD24E1F3376E100F630BE /* Assets.xcassets in Resources */ = {isa = PBXBuildFile; fileRef = C88CD24D1F3376E100F630BE /* Assets.xcassets */; };
		C88CD2511F3376E100F630BE /* LaunchScreen.storyboard in Resources */ = {isa = PBXBuildFile; fileRef = C88CD24F1F3376E100F630BE /* LaunchScreen.storyboard */; };
		C88CD25C1F3376E100F630BE /* Social_FeedTests.swift in Sources */ = {isa = PBXBuildFile; fileRef = C88CD25B1F3376E100F630BE /* Social_FeedTests.swift */; };
		C88CD26A1F337D0300F630BE /* InstagramRequestManagerTests.swift in Sources */ = {isa = PBXBuildFile; fileRef = C88CD2691F337D0300F630BE /* InstagramRequestManagerTests.swift */; };
		C88CD2711F337FD000F630BE /* SFInstagramRequestManager.m in Sources */ = {isa = PBXBuildFile; fileRef = C88CD2701F337FD000F630BE /* SFInstagramRequestManager.m */; };
		C88CD2741F33815E00F630BE /* Feed.storyboard in Resources */ = {isa = PBXBuildFile; fileRef = C88CD2731F33815E00F630BE /* Feed.storyboard */; };
		C88CD27C1F3381FE00F630BE /* SFBaseViewController.swift in Sources */ = {isa = PBXBuildFile; fileRef = C88CD27B1F3381FD00F630BE /* SFBaseViewController.swift */; };
		C88CD27E1F33823200F630BE /* SFFeedListViewController.swift in Sources */ = {isa = PBXBuildFile; fileRef = C88CD27D1F33823200F630BE /* SFFeedListViewController.swift */; };
		C88CD2821F33828D00F630BE /* SFBaseProvider.swift in Sources */ = {isa = PBXBuildFile; fileRef = C88CD2811F33828D00F630BE /* SFBaseProvider.swift */; };
		C88CD2851F3383F000F630BE /* SFInstagramProvider.swift in Sources */ = {isa = PBXBuildFile; fileRef = C88CD2841F3383F000F630BE /* SFInstagramProvider.swift */; };
		C88CD2881F33899E00F630BE /* SFRouterManager.swift in Sources */ = {isa = PBXBuildFile; fileRef = C88CD2871F33899E00F630BE /* SFRouterManager.swift */; };
		C88CD28B1F338CA900F630BE /* Login.storyboard in Resources */ = {isa = PBXBuildFile; fileRef = C88CD28A1F338CA900F630BE /* Login.storyboard */; };
		C88CD2901F338CF100F630BE /* SFInstagramLoginViewController.swift in Sources */ = {isa = PBXBuildFile; fileRef = C88CD28F1F338CF100F630BE /* SFInstagramLoginViewController.swift */; };
		C88CD2921F3390AB00F630BE /* SFInstagramLoginView.swift in Sources */ = {isa = PBXBuildFile; fileRef = C88CD2911F3390AB00F630BE /* SFInstagramLoginView.swift */; };
		C88CD2951F3390CE00F630BE /* SFBaseView.swift in Sources */ = {isa = PBXBuildFile; fileRef = C88CD2941F3390CE00F630BE /* SFBaseView.swift */; };
		C88CD2981F33B15200F630BE /* SFItemFeed.swift in Sources */ = {isa = PBXBuildFile; fileRef = C88CD2971F33B15200F630BE /* SFItemFeed.swift */; };
		C88CD29C1F33B9A200F630BE /* SFInstagramFeedTableViewCell.swift in Sources */ = {isa = PBXBuildFile; fileRef = C88CD29A1F33B9A200F630BE /* SFInstagramFeedTableViewCell.swift */; };
		C88CD29D1F33B9A200F630BE /* SFInstagramFeedTableViewCell.xib in Resources */ = {isa = PBXBuildFile; fileRef = C88CD29B1F33B9A200F630BE /* SFInstagramFeedTableViewCell.xib */; };
		C88CD2A01F33B9E600F630BE /* SFFeedViewObject.swift in Sources */ = {isa = PBXBuildFile; fileRef = C88CD29F1F33B9E600F630BE /* SFFeedViewObject.swift */; };
		C88CD2BD1F33BB2700F630BE /* DVAArrayDataSourceForTableView.m in Sources */ = {isa = PBXBuildFile; fileRef = C88CD2A31F33BB2700F630BE /* DVAArrayDataSourceForTableView.m */; };
		C88CD2BE1F33BB2700F630BE /* DVAProtocolDataSourceForTableView.m in Sources */ = {isa = PBXBuildFile; fileRef = C88CD2A51F33BB2700F630BE /* DVAProtocolDataSourceForTableView.m */; };
		C88CD2BF1F33BB2700F630BE /* NSArray+DVAPlistModelDatasource.m in Sources */ = {isa = PBXBuildFile; fileRef = C88CD2A91F33BB2700F630BE /* NSArray+DVAPlistModelDatasource.m */; };
		C88CD2C01F33BB2700F630BE /* NSArray+DVATableViewModelDatasource.m in Sources */ = {isa = PBXBuildFile; fileRef = C88CD2AB1F33BB2700F630BE /* NSArray+DVATableViewModelDatasource.m */; };
		C88CD2C11F33BB2700F630BE /* NSDictionary+DVAPlistModelDatasource.m in Sources */ = {isa = PBXBuildFile; fileRef = C88CD2AD1F33BB2700F630BE /* NSDictionary+DVAPlistModelDatasource.m */; };
		C88CD2C21F33BB2700F630BE /* NSDictionary+DVATableViewModelDatasource.m in Sources */ = {isa = PBXBuildFile; fileRef = C88CD2AF1F33BB2700F630BE /* NSDictionary+DVATableViewModelDatasource.m */; };
		C88CD2C31F33BB2700F630BE /* NSDictionary+DVATableViewModelProtocol.m in Sources */ = {isa = PBXBuildFile; fileRef = C88CD2B11F33BB2700F630BE /* NSDictionary+DVATableViewModelProtocol.m */; };
		C88CD2C41F33BB2700F630BE /* DVATableViewCellModel.m in Sources */ = {isa = PBXBuildFile; fileRef = C88CD2B81F33BB2700F630BE /* DVATableViewCellModel.m */; };
		C88CD2C51F33BB2700F630BE /* DVATableViewModel.m in Sources */ = {isa = PBXBuildFile; fileRef = C88CD2BA1F33BB2700F630BE /* DVATableViewModel.m */; };
		C88CD2C61F33BB2700F630BE /* DVATableViewSectionModel.m in Sources */ = {isa = PBXBuildFile; fileRef = C88CD2BC1F33BB2700F630BE /* DVATableViewSectionModel.m */; };
		C88CD3011F33BEC700F630BE /* InstagramEngine.m in Sources */ = {isa = PBXBuildFile; fileRef = C88CD2EC1F33BEC700F630BE /* InstagramEngine.m */; };
		C88CD3021F33BEC700F630BE /* InstagramKitConstants.m in Sources */ = {isa = PBXBuildFile; fileRef = C88CD2EF1F33BEC700F630BE /* InstagramKitConstants.m */; };
		C88CD3031F33BEC700F630BE /* InstagramComment.m in Sources */ = {isa = PBXBuildFile; fileRef = C88CD2F21F33BEC700F630BE /* InstagramComment.m */; };
		C88CD3041F33BEC700F630BE /* InstagramLocation.m in Sources */ = {isa = PBXBuildFile; fileRef = C88CD2F41F33BEC700F630BE /* InstagramLocation.m */; };
		C88CD3051F33BEC700F630BE /* InstagramMedia.m in Sources */ = {isa = PBXBuildFile; fileRef = C88CD2F61F33BEC700F630BE /* InstagramMedia.m */; };
		C88CD3061F33BEC700F630BE /* InstagramModel.m in Sources */ = {isa = PBXBuildFile; fileRef = C88CD2F81F33BEC700F630BE /* InstagramModel.m */; };
		C88CD3071F33BEC700F630BE /* InstagramPaginationInfo.m in Sources */ = {isa = PBXBuildFile; fileRef = C88CD2FA1F33BEC700F630BE /* InstagramPaginationInfo.m */; };
		C88CD3081F33BEC700F630BE /* InstagramTag.m in Sources */ = {isa = PBXBuildFile; fileRef = C88CD2FC1F33BEC700F630BE /* InstagramTag.m */; };
		C88CD3091F33BEC700F630BE /* InstagramUser.m in Sources */ = {isa = PBXBuildFile; fileRef = C88CD2FE1F33BEC700F630BE /* InstagramUser.m */; };
		C88CD30A1F33BEC700F630BE /* UserInPhoto.m in Sources */ = {isa = PBXBuildFile; fileRef = C88CD3001F33BEC700F630BE /* UserInPhoto.m */; };
		C88CD30C1F33C0EA00F630BE /* SFFeedListView.swift in Sources */ = {isa = PBXBuildFile; fileRef = C88CD30B1F33C0EA00F630BE /* SFFeedListView.swift */; };
		C8D93BF21F37184400FBC3C3 /* UICKeyChainStore.m in Sources */ = {isa = PBXBuildFile; fileRef = C8D93BEF1F37184400FBC3C3 /* UICKeyChainStore.m */; };
		C8D93BF31F37184400FBC3C3 /* LICENSE in Resources */ = {isa = PBXBuildFile; fileRef = C8D93BF01F37184400FBC3C3 /* LICENSE */; };
		C8D93BF41F37184400FBC3C3 /* README.md in Sources */ = {isa = PBXBuildFile; fileRef = C8D93BF11F37184400FBC3C3 /* README.md */; };
		C8D93BF61F371E8000FBC3C3 /* SFDate.swift in Sources */ = {isa = PBXBuildFile; fileRef = C8D93BF51F371E8000FBC3C3 /* SFDate.swift */; };
		C8D93BFA1F37647900FBC3C3 /* Localizable.strings in Resources */ = {isa = PBXBuildFile; fileRef = C8D93BFC1F37647900FBC3C3 /* Localizable.strings */; };
		C8DB721D1F34611B00A68410 /* SFTwitterRequestManager.swift in Sources */ = {isa = PBXBuildFile; fileRef = C8DB721C1F34611B00A68410 /* SFTwitterRequestManager.swift */; };
		C8DB72201F34740000A68410 /* SFTwitterProvider.swift in Sources */ = {isa = PBXBuildFile; fileRef = C8DB721F1F34740000A68410 /* SFTwitterProvider.swift */; };
		C8DB72231F34918100A68410 /* SFTwitterFeedTableViewCell.swift in Sources */ = {isa = PBXBuildFile; fileRef = C8DB72211F34918100A68410 /* SFTwitterFeedTableViewCell.swift */; };
		C8DB72241F34918100A68410 /* SFTwitterFeedTableViewCell.xib in Resources */ = {isa = PBXBuildFile; fileRef = C8DB72221F34918100A68410 /* SFTwitterFeedTableViewCell.xib */; };
		C8DB722A1F363A0E00A68410 /* SFString.swift in Sources */ = {isa = PBXBuildFile; fileRef = C8DB72291F363A0E00A68410 /* SFString.swift */; };
		C8DB722C1F3656B200A68410 /* SFFont.swift in Sources */ = {isa = PBXBuildFile; fileRef = C8DB722B1F3656B200A68410 /* SFFont.swift */; };
		C8DB722F1F36689200A68410 /* SFTwitterFeedImageTableViewCell.swift in Sources */ = {isa = PBXBuildFile; fileRef = C8DB722D1F36689200A68410 /* SFTwitterFeedImageTableViewCell.swift */; };
		C8DB72301F36689200A68410 /* SFTwitterFeedImageTableViewCell.xib in Resources */ = {isa = PBXBuildFile; fileRef = C8DB722E1F36689200A68410 /* SFTwitterFeedImageTableViewCell.xib */; };
/* End PBXBuildFile section */

/* Begin PBXContainerItemProxy section */
		C88CD2581F3376E100F630BE /* PBXContainerItemProxy */ = {
			isa = PBXContainerItemProxy;
			containerPortal = C88CD23B1F3376E100F630BE /* Project object */;
			proxyType = 1;
			remoteGlobalIDString = C88CD2421F3376E100F630BE;
			remoteInfo = "Social Feed";
		};
/* End PBXContainerItemProxy section */

/* Begin PBXFileReference section */
		6F7578EF6CA04483A32CB35F /* Pods_Social_Feed.framework */ = {isa = PBXFileReference; explicitFileType = wrapper.framework; includeInIndex = 0; path = Pods_Social_Feed.framework; sourceTree = BUILT_PRODUCTS_DIR; };
		7B276EC70063C4434BE9504D /* Pods-Social FeedTests.release.xcconfig */ = {isa = PBXFileReference; includeInIndex = 1; lastKnownFileType = text.xcconfig; name = "Pods-Social FeedTests.release.xcconfig"; path = "Pods/Target Support Files/Pods-Social FeedTests/Pods-Social FeedTests.release.xcconfig"; sourceTree = "<group>"; };
		C6FF61BAF528AB88CDF8AE6A /* Pods-Social FeedTests.debug.xcconfig */ = {isa = PBXFileReference; includeInIndex = 1; lastKnownFileType = text.xcconfig; name = "Pods-Social FeedTests.debug.xcconfig"; path = "Pods/Target Support Files/Pods-Social FeedTests/Pods-Social FeedTests.debug.xcconfig"; sourceTree = "<group>"; };
		C88CD2431F3376E100F630BE /* Social Feed.app */ = {isa = PBXFileReference; explicitFileType = wrapper.application; includeInIndex = 0; path = "Social Feed.app"; sourceTree = BUILT_PRODUCTS_DIR; };
		C88CD2461F3376E100F630BE /* AppDelegate.swift */ = {isa = PBXFileReference; lastKnownFileType = sourcecode.swift; path = AppDelegate.swift; sourceTree = "<group>"; };
		C88CD24D1F3376E100F630BE /* Assets.xcassets */ = {isa = PBXFileReference; lastKnownFileType = folder.assetcatalog; path = Assets.xcassets; sourceTree = "<group>"; };
		C88CD2501F3376E100F630BE /* Base */ = {isa = PBXFileReference; lastKnownFileType = file.storyboard; name = Base; path = Base.lproj/LaunchScreen.storyboard; sourceTree = "<group>"; };
		C88CD2521F3376E100F630BE /* Info.plist */ = {isa = PBXFileReference; lastKnownFileType = text.plist.xml; path = Info.plist; sourceTree = "<group>"; };
		C88CD2571F3376E100F630BE /* Social FeedTests.xctest */ = {isa = PBXFileReference; explicitFileType = wrapper.cfbundle; includeInIndex = 0; path = "Social FeedTests.xctest"; sourceTree = BUILT_PRODUCTS_DIR; };
		C88CD25B1F3376E100F630BE /* Social_FeedTests.swift */ = {isa = PBXFileReference; lastKnownFileType = sourcecode.swift; path = Social_FeedTests.swift; sourceTree = "<group>"; };
		C88CD25D1F3376E100F630BE /* Info.plist */ = {isa = PBXFileReference; lastKnownFileType = text.plist.xml; path = Info.plist; sourceTree = "<group>"; };
		C88CD2691F337D0300F630BE /* InstagramRequestManagerTests.swift */ = {isa = PBXFileReference; fileEncoding = 4; lastKnownFileType = sourcecode.swift; path = InstagramRequestManagerTests.swift; sourceTree = "<group>"; };
		C88CD26B1F337DDD00F630BE /* Social Feed-Bridging-Header.h */ = {isa = PBXFileReference; fileEncoding = 4; lastKnownFileType = sourcecode.c.h; path = "Social Feed-Bridging-Header.h"; sourceTree = "<group>"; };
		C88CD26F1F337FD000F630BE /* SFInstagramRequestManager.h */ = {isa = PBXFileReference; fileEncoding = 4; lastKnownFileType = sourcecode.c.h; path = SFInstagramRequestManager.h; sourceTree = "<group>"; };
		C88CD2701F337FD000F630BE /* SFInstagramRequestManager.m */ = {isa = PBXFileReference; fileEncoding = 4; lastKnownFileType = sourcecode.c.objc; path = SFInstagramRequestManager.m; sourceTree = "<group>"; };
		C88CD2731F33815E00F630BE /* Feed.storyboard */ = {isa = PBXFileReference; fileEncoding = 4; lastKnownFileType = file.storyboard; path = Feed.storyboard; sourceTree = "<group>"; };
		C88CD27B1F3381FD00F630BE /* SFBaseViewController.swift */ = {isa = PBXFileReference; fileEncoding = 4; lastKnownFileType = sourcecode.swift; path = SFBaseViewController.swift; sourceTree = "<group>"; };
		C88CD27D1F33823200F630BE /* SFFeedListViewController.swift */ = {isa = PBXFileReference; fileEncoding = 4; lastKnownFileType = sourcecode.swift; path = SFFeedListViewController.swift; sourceTree = "<group>"; };
		C88CD2811F33828D00F630BE /* SFBaseProvider.swift */ = {isa = PBXFileReference; fileEncoding = 4; lastKnownFileType = sourcecode.swift; path = SFBaseProvider.swift; sourceTree = "<group>"; };
		C88CD2841F3383F000F630BE /* SFInstagramProvider.swift */ = {isa = PBXFileReference; fileEncoding = 4; lastKnownFileType = sourcecode.swift; path = SFInstagramProvider.swift; sourceTree = "<group>"; };
		C88CD2871F33899E00F630BE /* SFRouterManager.swift */ = {isa = PBXFileReference; fileEncoding = 4; lastKnownFileType = sourcecode.swift; path = SFRouterManager.swift; sourceTree = "<group>"; };
		C88CD28A1F338CA900F630BE /* Login.storyboard */ = {isa = PBXFileReference; fileEncoding = 4; lastKnownFileType = file.storyboard; path = Login.storyboard; sourceTree = "<group>"; };
		C88CD28F1F338CF100F630BE /* SFInstagramLoginViewController.swift */ = {isa = PBXFileReference; fileEncoding = 4; lastKnownFileType = sourcecode.swift; path = SFInstagramLoginViewController.swift; sourceTree = "<group>"; };
		C88CD2911F3390AB00F630BE /* SFInstagramLoginView.swift */ = {isa = PBXFileReference; fileEncoding = 4; lastKnownFileType = sourcecode.swift; path = SFInstagramLoginView.swift; sourceTree = "<group>"; };
		C88CD2941F3390CE00F630BE /* SFBaseView.swift */ = {isa = PBXFileReference; fileEncoding = 4; lastKnownFileType = sourcecode.swift; path = SFBaseView.swift; sourceTree = "<group>"; };
		C88CD2971F33B15200F630BE /* SFItemFeed.swift */ = {isa = PBXFileReference; fileEncoding = 4; lastKnownFileType = sourcecode.swift; path = SFItemFeed.swift; sourceTree = "<group>"; };
		C88CD29A1F33B9A200F630BE /* SFInstagramFeedTableViewCell.swift */ = {isa = PBXFileReference; fileEncoding = 4; lastKnownFileType = sourcecode.swift; path = SFInstagramFeedTableViewCell.swift; sourceTree = "<group>"; };
		C88CD29B1F33B9A200F630BE /* SFInstagramFeedTableViewCell.xib */ = {isa = PBXFileReference; fileEncoding = 4; lastKnownFileType = file.xib; path = SFInstagramFeedTableViewCell.xib; sourceTree = "<group>"; };
		C88CD29F1F33B9E600F630BE /* SFFeedViewObject.swift */ = {isa = PBXFileReference; fileEncoding = 4; lastKnownFileType = sourcecode.swift; path = SFFeedViewObject.swift; sourceTree = "<group>"; };
		C88CD2A21F33BB2700F630BE /* DVAArrayDataSourceForTableView.h */ = {isa = PBXFileReference; fileEncoding = 4; lastKnownFileType = sourcecode.c.h; path = DVAArrayDataSourceForTableView.h; sourceTree = "<group>"; };
		C88CD2A31F33BB2700F630BE /* DVAArrayDataSourceForTableView.m */ = {isa = PBXFileReference; fileEncoding = 4; lastKnownFileType = sourcecode.c.objc; path = DVAArrayDataSourceForTableView.m; sourceTree = "<group>"; };
		C88CD2A41F33BB2700F630BE /* DVAProtocolDataSourceForTableView.h */ = {isa = PBXFileReference; fileEncoding = 4; lastKnownFileType = sourcecode.c.h; path = DVAProtocolDataSourceForTableView.h; sourceTree = "<group>"; };
		C88CD2A51F33BB2700F630BE /* DVAProtocolDataSourceForTableView.m */ = {isa = PBXFileReference; fileEncoding = 4; lastKnownFileType = sourcecode.c.objc; path = DVAProtocolDataSourceForTableView.m; sourceTree = "<group>"; };
		C88CD2A81F33BB2700F630BE /* NSArray+DVAPlistModelDatasource.h */ = {isa = PBXFileReference; fileEncoding = 4; lastKnownFileType = sourcecode.c.h; path = "NSArray+DVAPlistModelDatasource.h"; sourceTree = "<group>"; };
		C88CD2A91F33BB2700F630BE /* NSArray+DVAPlistModelDatasource.m */ = {isa = PBXFileReference; fileEncoding = 4; lastKnownFileType = sourcecode.c.objc; path = "NSArray+DVAPlistModelDatasource.m"; sourceTree = "<group>"; };
		C88CD2AA1F33BB2700F630BE /* NSArray+DVATableViewModelDatasource.h */ = {isa = PBXFileReference; fileEncoding = 4; lastKnownFileType = sourcecode.c.h; path = "NSArray+DVATableViewModelDatasource.h"; sourceTree = "<group>"; };
		C88CD2AB1F33BB2700F630BE /* NSArray+DVATableViewModelDatasource.m */ = {isa = PBXFileReference; fileEncoding = 4; lastKnownFileType = sourcecode.c.objc; path = "NSArray+DVATableViewModelDatasource.m"; sourceTree = "<group>"; };
		C88CD2AC1F33BB2700F630BE /* NSDictionary+DVAPlistModelDatasource.h */ = {isa = PBXFileReference; fileEncoding = 4; lastKnownFileType = sourcecode.c.h; path = "NSDictionary+DVAPlistModelDatasource.h"; sourceTree = "<group>"; };
		C88CD2AD1F33BB2700F630BE /* NSDictionary+DVAPlistModelDatasource.m */ = {isa = PBXFileReference; fileEncoding = 4; lastKnownFileType = sourcecode.c.objc; path = "NSDictionary+DVAPlistModelDatasource.m"; sourceTree = "<group>"; };
		C88CD2AE1F33BB2700F630BE /* NSDictionary+DVATableViewModelDatasource.h */ = {isa = PBXFileReference; fileEncoding = 4; lastKnownFileType = sourcecode.c.h; path = "NSDictionary+DVATableViewModelDatasource.h"; sourceTree = "<group>"; };
		C88CD2AF1F33BB2700F630BE /* NSDictionary+DVATableViewModelDatasource.m */ = {isa = PBXFileReference; fileEncoding = 4; lastKnownFileType = sourcecode.c.objc; path = "NSDictionary+DVATableViewModelDatasource.m"; sourceTree = "<group>"; };
		C88CD2B01F33BB2700F630BE /* NSDictionary+DVATableViewModelProtocol.h */ = {isa = PBXFileReference; fileEncoding = 4; lastKnownFileType = sourcecode.c.h; path = "NSDictionary+DVATableViewModelProtocol.h"; sourceTree = "<group>"; };
		C88CD2B11F33BB2700F630BE /* NSDictionary+DVATableViewModelProtocol.m */ = {isa = PBXFileReference; fileEncoding = 4; lastKnownFileType = sourcecode.c.objc; path = "NSDictionary+DVATableViewModelProtocol.m"; sourceTree = "<group>"; };
		C88CD2B21F33BB2700F630BE /* DVATableViewCellProtocol.h */ = {isa = PBXFileReference; fileEncoding = 4; lastKnownFileType = sourcecode.c.h; path = DVATableViewCellProtocol.h; sourceTree = "<group>"; };
		C88CD2B31F33BB2700F630BE /* DVATableViewModelDatasource.h */ = {isa = PBXFileReference; fileEncoding = 4; lastKnownFileType = sourcecode.c.h; path = DVATableViewModelDatasource.h; sourceTree = "<group>"; };
		C88CD2B41F33BB2700F630BE /* DVATableViewModelDatasourceDelegate.h */ = {isa = PBXFileReference; fileEncoding = 4; lastKnownFileType = sourcecode.c.h; path = DVATableViewModelDatasourceDelegate.h; sourceTree = "<group>"; };
		C88CD2B51F33BB2700F630BE /* DVATableViewModelProtocol.h */ = {isa = PBXFileReference; fileEncoding = 4; lastKnownFileType = sourcecode.c.h; path = DVATableViewModelProtocol.h; sourceTree = "<group>"; };
		C88CD2B71F33BB2700F630BE /* DVATableViewCellModel.h */ = {isa = PBXFileReference; fileEncoding = 4; lastKnownFileType = sourcecode.c.h; path = DVATableViewCellModel.h; sourceTree = "<group>"; };
		C88CD2B81F33BB2700F630BE /* DVATableViewCellModel.m */ = {isa = PBXFileReference; fileEncoding = 4; lastKnownFileType = sourcecode.c.objc; path = DVATableViewCellModel.m; sourceTree = "<group>"; };
		C88CD2B91F33BB2700F630BE /* DVATableViewModel.h */ = {isa = PBXFileReference; fileEncoding = 4; lastKnownFileType = sourcecode.c.h; path = DVATableViewModel.h; sourceTree = "<group>"; };
		C88CD2BA1F33BB2700F630BE /* DVATableViewModel.m */ = {isa = PBXFileReference; fileEncoding = 4; lastKnownFileType = sourcecode.c.objc; path = DVATableViewModel.m; sourceTree = "<group>"; };
		C88CD2BB1F33BB2700F630BE /* DVATableViewSectionModel.h */ = {isa = PBXFileReference; fileEncoding = 4; lastKnownFileType = sourcecode.c.h; path = DVATableViewSectionModel.h; sourceTree = "<group>"; };
		C88CD2BC1F33BB2700F630BE /* DVATableViewSectionModel.m */ = {isa = PBXFileReference; fileEncoding = 4; lastKnownFileType = sourcecode.c.objc; path = DVATableViewSectionModel.m; sourceTree = "<group>"; };
		C88CD2EB1F33BEC700F630BE /* InstagramEngine.h */ = {isa = PBXFileReference; fileEncoding = 4; lastKnownFileType = sourcecode.c.h; path = InstagramEngine.h; sourceTree = "<group>"; };
		C88CD2EC1F33BEC700F630BE /* InstagramEngine.m */ = {isa = PBXFileReference; fileEncoding = 4; lastKnownFileType = sourcecode.c.objc; path = InstagramEngine.m; sourceTree = "<group>"; };
		C88CD2ED1F33BEC700F630BE /* InstagramKit.h */ = {isa = PBXFileReference; fileEncoding = 4; lastKnownFileType = sourcecode.c.h; path = InstagramKit.h; sourceTree = "<group>"; };
		C88CD2EE1F33BEC700F630BE /* InstagramKitConstants.h */ = {isa = PBXFileReference; fileEncoding = 4; lastKnownFileType = sourcecode.c.h; path = InstagramKitConstants.h; sourceTree = "<group>"; };
		C88CD2EF1F33BEC700F630BE /* InstagramKitConstants.m */ = {isa = PBXFileReference; fileEncoding = 4; lastKnownFileType = sourcecode.c.objc; path = InstagramKitConstants.m; sourceTree = "<group>"; };
		C88CD2F11F33BEC700F630BE /* InstagramComment.h */ = {isa = PBXFileReference; fileEncoding = 4; lastKnownFileType = sourcecode.c.h; path = InstagramComment.h; sourceTree = "<group>"; };
		C88CD2F21F33BEC700F630BE /* InstagramComment.m */ = {isa = PBXFileReference; fileEncoding = 4; lastKnownFileType = sourcecode.c.objc; path = InstagramComment.m; sourceTree = "<group>"; };
		C88CD2F31F33BEC700F630BE /* InstagramLocation.h */ = {isa = PBXFileReference; fileEncoding = 4; lastKnownFileType = sourcecode.c.h; path = InstagramLocation.h; sourceTree = "<group>"; };
		C88CD2F41F33BEC700F630BE /* InstagramLocation.m */ = {isa = PBXFileReference; fileEncoding = 4; lastKnownFileType = sourcecode.c.objc; path = InstagramLocation.m; sourceTree = "<group>"; };
		C88CD2F51F33BEC700F630BE /* InstagramMedia.h */ = {isa = PBXFileReference; fileEncoding = 4; lastKnownFileType = sourcecode.c.h; path = InstagramMedia.h; sourceTree = "<group>"; };
		C88CD2F61F33BEC700F630BE /* InstagramMedia.m */ = {isa = PBXFileReference; fileEncoding = 4; lastKnownFileType = sourcecode.c.objc; path = InstagramMedia.m; sourceTree = "<group>"; };
		C88CD2F71F33BEC700F630BE /* InstagramModel.h */ = {isa = PBXFileReference; fileEncoding = 4; lastKnownFileType = sourcecode.c.h; path = InstagramModel.h; sourceTree = "<group>"; };
		C88CD2F81F33BEC700F630BE /* InstagramModel.m */ = {isa = PBXFileReference; fileEncoding = 4; lastKnownFileType = sourcecode.c.objc; path = InstagramModel.m; sourceTree = "<group>"; };
		C88CD2F91F33BEC700F630BE /* InstagramPaginationInfo.h */ = {isa = PBXFileReference; fileEncoding = 4; lastKnownFileType = sourcecode.c.h; path = InstagramPaginationInfo.h; sourceTree = "<group>"; };
		C88CD2FA1F33BEC700F630BE /* InstagramPaginationInfo.m */ = {isa = PBXFileReference; fileEncoding = 4; lastKnownFileType = sourcecode.c.objc; path = InstagramPaginationInfo.m; sourceTree = "<group>"; };
		C88CD2FB1F33BEC700F630BE /* InstagramTag.h */ = {isa = PBXFileReference; fileEncoding = 4; lastKnownFileType = sourcecode.c.h; path = InstagramTag.h; sourceTree = "<group>"; };
		C88CD2FC1F33BEC700F630BE /* InstagramTag.m */ = {isa = PBXFileReference; fileEncoding = 4; lastKnownFileType = sourcecode.c.objc; path = InstagramTag.m; sourceTree = "<group>"; };
		C88CD2FD1F33BEC700F630BE /* InstagramUser.h */ = {isa = PBXFileReference; fileEncoding = 4; lastKnownFileType = sourcecode.c.h; path = InstagramUser.h; sourceTree = "<group>"; };
		C88CD2FE1F33BEC700F630BE /* InstagramUser.m */ = {isa = PBXFileReference; fileEncoding = 4; lastKnownFileType = sourcecode.c.objc; path = InstagramUser.m; sourceTree = "<group>"; };
		C88CD2FF1F33BEC700F630BE /* UserInPhoto.h */ = {isa = PBXFileReference; fileEncoding = 4; lastKnownFileType = sourcecode.c.h; path = UserInPhoto.h; sourceTree = "<group>"; };
		C88CD3001F33BEC700F630BE /* UserInPhoto.m */ = {isa = PBXFileReference; fileEncoding = 4; lastKnownFileType = sourcecode.c.objc; path = UserInPhoto.m; sourceTree = "<group>"; };
		C88CD30B1F33C0EA00F630BE /* SFFeedListView.swift */ = {isa = PBXFileReference; fileEncoding = 4; lastKnownFileType = sourcecode.swift; path = SFFeedListView.swift; sourceTree = "<group>"; };
		C8D93BEE1F37184400FBC3C3 /* UICKeyChainStore.h */ = {isa = PBXFileReference; fileEncoding = 4; lastKnownFileType = sourcecode.c.h; path = UICKeyChainStore.h; sourceTree = "<group>"; };
		C8D93BEF1F37184400FBC3C3 /* UICKeyChainStore.m */ = {isa = PBXFileReference; fileEncoding = 4; lastKnownFileType = sourcecode.c.objc; path = UICKeyChainStore.m; sourceTree = "<group>"; };
		C8D93BF01F37184400FBC3C3 /* LICENSE */ = {isa = PBXFileReference; fileEncoding = 4; lastKnownFileType = text; path = LICENSE; sourceTree = "<group>"; };
		C8D93BF11F37184400FBC3C3 /* README.md */ = {isa = PBXFileReference; fileEncoding = 4; lastKnownFileType = net.daringfireball.markdown; path = README.md; sourceTree = "<group>"; };
		C8D93BF51F371E8000FBC3C3 /* SFDate.swift */ = {isa = PBXFileReference; fileEncoding = 4; lastKnownFileType = sourcecode.swift; path = SFDate.swift; sourceTree = "<group>"; };
		C8D93BF71F37640B00FBC3C3 /* es */ = {isa = PBXFileReference; lastKnownFileType = text.plist.strings; name = es; path = es.lproj/LaunchScreen.strings; sourceTree = "<group>"; };
		C8D93BFB1F37647900FBC3C3 /* es */ = {isa = PBXFileReference; lastKnownFileType = text.plist.strings; name = es; path = es.lproj/Localizable.strings; sourceTree = "<group>"; };
		C8D93BFD1F37647C00FBC3C3 /* en */ = {isa = PBXFileReference; lastKnownFileType = text.plist.strings; name = en; path = en.lproj/Localizable.strings; sourceTree = "<group>"; };
		C8DB721C1F34611B00A68410 /* SFTwitterRequestManager.swift */ = {isa = PBXFileReference; fileEncoding = 4; lastKnownFileType = sourcecode.swift; path = SFTwitterRequestManager.swift; sourceTree = "<group>"; };
		C8DB721F1F34740000A68410 /* SFTwitterProvider.swift */ = {isa = PBXFileReference; fileEncoding = 4; lastKnownFileType = sourcecode.swift; path = SFTwitterProvider.swift; sourceTree = "<group>"; };
		C8DB72211F34918100A68410 /* SFTwitterFeedTableViewCell.swift */ = {isa = PBXFileReference; fileEncoding = 4; lastKnownFileType = sourcecode.swift; path = SFTwitterFeedTableViewCell.swift; sourceTree = "<group>"; };
		C8DB72221F34918100A68410 /* SFTwitterFeedTableViewCell.xib */ = {isa = PBXFileReference; fileEncoding = 4; lastKnownFileType = file.xib; path = SFTwitterFeedTableViewCell.xib; sourceTree = "<group>"; };
		C8DB72291F363A0E00A68410 /* SFString.swift */ = {isa = PBXFileReference; fileEncoding = 4; lastKnownFileType = sourcecode.swift; path = SFString.swift; sourceTree = "<group>"; };
		C8DB722B1F3656B200A68410 /* SFFont.swift */ = {isa = PBXFileReference; fileEncoding = 4; lastKnownFileType = sourcecode.swift; path = SFFont.swift; sourceTree = "<group>"; };
		C8DB722D1F36689200A68410 /* SFTwitterFeedImageTableViewCell.swift */ = {isa = PBXFileReference; fileEncoding = 4; lastKnownFileType = sourcecode.swift; path = SFTwitterFeedImageTableViewCell.swift; sourceTree = "<group>"; };
		C8DB722E1F36689200A68410 /* SFTwitterFeedImageTableViewCell.xib */ = {isa = PBXFileReference; fileEncoding = 4; lastKnownFileType = file.xib; path = SFTwitterFeedImageTableViewCell.xib; sourceTree = "<group>"; };
		C9BBFC0285D9D30C175B28EC /* Pods-Social Feed.debug.xcconfig */ = {isa = PBXFileReference; includeInIndex = 1; lastKnownFileType = text.xcconfig; name = "Pods-Social Feed.debug.xcconfig"; path = "Pods/Target Support Files/Pods-Social Feed/Pods-Social Feed.debug.xcconfig"; sourceTree = "<group>"; };
		F3FADA8D04CB750455161E71 /* Pods-Social Feed.release.xcconfig */ = {isa = PBXFileReference; includeInIndex = 1; lastKnownFileType = text.xcconfig; name = "Pods-Social Feed.release.xcconfig"; path = "Pods/Target Support Files/Pods-Social Feed/Pods-Social Feed.release.xcconfig"; sourceTree = "<group>"; };
		F55AF61A3FED9054E5960D03 /* Pods_Social_FeedTests.framework */ = {isa = PBXFileReference; explicitFileType = wrapper.framework; includeInIndex = 0; path = Pods_Social_FeedTests.framework; sourceTree = BUILT_PRODUCTS_DIR; };
/* End PBXFileReference section */

/* Begin PBXFrameworksBuildPhase section */
		C88CD2401F3376E100F630BE /* Frameworks */ = {
			isa = PBXFrameworksBuildPhase;
			buildActionMask = 2147483647;
			files = (
				777E95972F4293A70EF895F1 /* Pods_Social_Feed.framework in Frameworks */,
			);
			runOnlyForDeploymentPostprocessing = 0;
		};
		C88CD2541F3376E100F630BE /* Frameworks */ = {
			isa = PBXFrameworksBuildPhase;
			buildActionMask = 2147483647;
			files = (
				66E53CCB48DF80BB866AE136 /* Pods_Social_FeedTests.framework in Frameworks */,
			);
			runOnlyForDeploymentPostprocessing = 0;
		};
/* End PBXFrameworksBuildPhase section */

/* Begin PBXGroup section */
		035CCD1E5CA659CEB4621102 /* Pods */ = {
			isa = PBXGroup;
			children = (
				C9BBFC0285D9D30C175B28EC /* Pods-Social Feed.debug.xcconfig */,
				F3FADA8D04CB750455161E71 /* Pods-Social Feed.release.xcconfig */,
				C6FF61BAF528AB88CDF8AE6A /* Pods-Social FeedTests.debug.xcconfig */,
				7B276EC70063C4434BE9504D /* Pods-Social FeedTests.release.xcconfig */,
			);
			name = Pods;
			sourceTree = "<group>";
		};
		C88CD23A1F3376E100F630BE = {
			isa = PBXGroup;
			children = (
				C88CD2451F3376E100F630BE /* Social Feed */,
				C88CD25A1F3376E100F630BE /* Social FeedTests */,
				C88CD2441F3376E100F630BE /* Products */,
				035CCD1E5CA659CEB4621102 /* Pods */,
				CA8CF97E73DFD2A04AD547BA /* Frameworks */,
			);
			sourceTree = "<group>";
		};
		C88CD2441F3376E100F630BE /* Products */ = {
			isa = PBXGroup;
			children = (
				C88CD2431F3376E100F630BE /* Social Feed.app */,
				C88CD2571F3376E100F630BE /* Social FeedTests.xctest */,
			);
			name = Products;
			sourceTree = "<group>";
		};
		C88CD2451F3376E100F630BE /* Social Feed */ = {
			isa = PBXGroup;
			children = (
				C8DB72251F36395800A68410 /* Extensions */,
				C88CD2461F3376E100F630BE /* AppDelegate.swift */,
				C88CD26B1F337DDD00F630BE /* Social Feed-Bridging-Header.h */,
				C88CD2721F33813500F630BE /* Storyboards */,
				C88CD2751F33817A00F630BE /* UI */,
				C88CD2961F33B11F00F630BE /* Model */,
				C88CD26D1F337F5E00F630BE /* Service */,
				C88CD2861F33893100F630BE /* Router */,
				C88CD2A11F33BB2700F630BE /* Tables */,
				C88CD2E91F33BEC700F630BE /* InstagramKit */,
				C8D93BEB1F37184400FBC3C3 /* UICKeyChainStore */,
				C88CD24D1F3376E100F630BE /* Assets.xcassets */,
				C88CD24F1F3376E100F630BE /* LaunchScreen.storyboard */,
				C88CD2521F3376E100F630BE /* Info.plist */,
				C8D93BFC1F37647900FBC3C3 /* Localizable.strings */,
			);
			path = "Social Feed";
			sourceTree = "<group>";
		};
		C88CD25A1F3376E100F630BE /* Social FeedTests */ = {
			isa = PBXGroup;
			children = (
				C88CD2661F337B1D00F630BE /* Instagram */,
				C88CD25B1F3376E100F630BE /* Social_FeedTests.swift */,
				C88CD25D1F3376E100F630BE /* Info.plist */,
			);
			path = "Social FeedTests";
			sourceTree = "<group>";
		};
		C88CD2661F337B1D00F630BE /* Instagram */ = {
			isa = PBXGroup;
			children = (
				C88CD2691F337D0300F630BE /* InstagramRequestManagerTests.swift */,
			);
			path = Instagram;
			sourceTree = "<group>";
		};
		C88CD26D1F337F5E00F630BE /* Service */ = {
			isa = PBXGroup;
			children = (
				C88CD27F1F33824000F630BE /* Provider */,
				C88CD26E1F337F7700F630BE /* Request Manager */,
			);
			path = Service;
			sourceTree = "<group>";
		};
		C88CD26E1F337F7700F630BE /* Request Manager */ = {
			isa = PBXGroup;
			children = (
				C88CD26F1F337FD000F630BE /* SFInstagramRequestManager.h */,
				C88CD2701F337FD000F630BE /* SFInstagramRequestManager.m */,
				C8DB721C1F34611B00A68410 /* SFTwitterRequestManager.swift */,
			);
			path = "Request Manager";
			sourceTree = "<group>";
		};
		C88CD2721F33813500F630BE /* Storyboards */ = {
			isa = PBXGroup;
			children = (
				C88CD2731F33815E00F630BE /* Feed.storyboard */,
				C88CD28A1F338CA900F630BE /* Login.storyboard */,
			);
			path = Storyboards;
			sourceTree = "<group>";
		};
		C88CD2751F33817A00F630BE /* UI */ = {
			isa = PBXGroup;
			children = (
				C88CD2791F3381BF00F630BE /* Common */,
				C88CD2761F33818D00F630BE /* Feed List */,
				C88CD28C1F338CB500F630BE /* Instagram Login */,
			);
			path = UI;
			sourceTree = "<group>";
		};
		C88CD2761F33818D00F630BE /* Feed List */ = {
			isa = PBXGroup;
			children = (
				C88CD2781F3381A800F630BE /* View */,
				C88CD2771F33819D00F630BE /* Controller */,
			);
			path = "Feed List";
			sourceTree = "<group>";
		};
		C88CD2771F33819D00F630BE /* Controller */ = {
			isa = PBXGroup;
			children = (
				C88CD27D1F33823200F630BE /* SFFeedListViewController.swift */,
			);
			path = Controller;
			sourceTree = "<group>";
		};
		C88CD2781F3381A800F630BE /* View */ = {
			isa = PBXGroup;
			children = (
				C88CD2991F33B97F00F630BE /* Cell */,
				C88CD29E1F33B9B200F630BE /* View Model */,
				C88CD30B1F33C0EA00F630BE /* SFFeedListView.swift */,
			);
			path = View;
			sourceTree = "<group>";
		};
		C88CD2791F3381BF00F630BE /* Common */ = {
			isa = PBXGroup;
			children = (
				C88CD2931F3390BA00F630BE /* Base View */,
				C88CD27A1F3381CA00F630BE /* Base View Controller */,
			);
			path = Common;
			sourceTree = "<group>";
		};
		C88CD27A1F3381CA00F630BE /* Base View Controller */ = {
			isa = PBXGroup;
			children = (
				C88CD27B1F3381FD00F630BE /* SFBaseViewController.swift */,
			);
			path = "Base View Controller";
			sourceTree = "<group>";
		};
		C88CD27F1F33824000F630BE /* Provider */ = {
			isa = PBXGroup;
			children = (
				C8DB721E1F3473E600A68410 /* Twitter Provider */,
				C88CD2831F3383CA00F630BE /* Instagram Provider */,
				C88CD2811F33828D00F630BE /* SFBaseProvider.swift */,
			);
			path = Provider;
			sourceTree = "<group>";
		};
		C88CD2831F3383CA00F630BE /* Instagram Provider */ = {
			isa = PBXGroup;
			children = (
				C88CD2841F3383F000F630BE /* SFInstagramProvider.swift */,
			);
			path = "Instagram Provider";
			sourceTree = "<group>";
		};
		C88CD2861F33893100F630BE /* Router */ = {
			isa = PBXGroup;
			children = (
				C88CD2871F33899E00F630BE /* SFRouterManager.swift */,
			);
			path = Router;
			sourceTree = "<group>";
		};
		C88CD28C1F338CB500F630BE /* Instagram Login */ = {
			isa = PBXGroup;
			children = (
				C88CD28E1F338CD400F630BE /* View */,
				C88CD28D1F338CC500F630BE /* Controller */,
			);
			path = "Instagram Login";
			sourceTree = "<group>";
		};
		C88CD28D1F338CC500F630BE /* Controller */ = {
			isa = PBXGroup;
			children = (
				C88CD28F1F338CF100F630BE /* SFInstagramLoginViewController.swift */,
			);
			path = Controller;
			sourceTree = "<group>";
		};
		C88CD28E1F338CD400F630BE /* View */ = {
			isa = PBXGroup;
			children = (
				C88CD2911F3390AB00F630BE /* SFInstagramLoginView.swift */,
			);
			path = View;
			sourceTree = "<group>";
		};
		C88CD2931F3390BA00F630BE /* Base View */ = {
			isa = PBXGroup;
			children = (
				C88CD2941F3390CE00F630BE /* SFBaseView.swift */,
			);
			path = "Base View";
			sourceTree = "<group>";
		};
		C88CD2961F33B11F00F630BE /* Model */ = {
			isa = PBXGroup;
			children = (
				C88CD2971F33B15200F630BE /* SFItemFeed.swift */,
			);
			path = Model;
			sourceTree = "<group>";
		};
		C88CD2991F33B97F00F630BE /* Cell */ = {
			isa = PBXGroup;
			children = (
				C88CD29A1F33B9A200F630BE /* SFInstagramFeedTableViewCell.swift */,
				C88CD29B1F33B9A200F630BE /* SFInstagramFeedTableViewCell.xib */,
				C8DB72211F34918100A68410 /* SFTwitterFeedTableViewCell.swift */,
				C8DB72221F34918100A68410 /* SFTwitterFeedTableViewCell.xib */,
				C8DB722D1F36689200A68410 /* SFTwitterFeedImageTableViewCell.swift */,
				C8DB722E1F36689200A68410 /* SFTwitterFeedImageTableViewCell.xib */,
			);
			path = Cell;
			sourceTree = "<group>";
		};
		C88CD29E1F33B9B200F630BE /* View Model */ = {
			isa = PBXGroup;
			children = (
				C88CD29F1F33B9E600F630BE /* SFFeedViewObject.swift */,
			);
			path = "View Model";
			sourceTree = "<group>";
		};
		C88CD2A11F33BB2700F630BE /* Tables */ = {
			isa = PBXGroup;
			children = (
				C88CD2A21F33BB2700F630BE /* DVAArrayDataSourceForTableView.h */,
				C88CD2A31F33BB2700F630BE /* DVAArrayDataSourceForTableView.m */,
				C88CD2A41F33BB2700F630BE /* DVAProtocolDataSourceForTableView.h */,
				C88CD2A51F33BB2700F630BE /* DVAProtocolDataSourceForTableView.m */,
				C88CD2A61F33BB2700F630BE /* Protocols */,
				C88CD2B61F33BB2700F630BE /* Subclasses */,
			);
			path = Tables;
			sourceTree = "<group>";
		};
		C88CD2A61F33BB2700F630BE /* Protocols */ = {
			isa = PBXGroup;
			children = (
				C88CD2A71F33BB2700F630BE /* Categories */,
				C88CD2B21F33BB2700F630BE /* DVATableViewCellProtocol.h */,
				C88CD2B31F33BB2700F630BE /* DVATableViewModelDatasource.h */,
				C88CD2B41F33BB2700F630BE /* DVATableViewModelDatasourceDelegate.h */,
				C88CD2B51F33BB2700F630BE /* DVATableViewModelProtocol.h */,
			);
			path = Protocols;
			sourceTree = "<group>";
		};
		C88CD2A71F33BB2700F630BE /* Categories */ = {
			isa = PBXGroup;
			children = (
				C88CD2A81F33BB2700F630BE /* NSArray+DVAPlistModelDatasource.h */,
				C88CD2A91F33BB2700F630BE /* NSArray+DVAPlistModelDatasource.m */,
				C88CD2AA1F33BB2700F630BE /* NSArray+DVATableViewModelDatasource.h */,
				C88CD2AB1F33BB2700F630BE /* NSArray+DVATableViewModelDatasource.m */,
				C88CD2AC1F33BB2700F630BE /* NSDictionary+DVAPlistModelDatasource.h */,
				C88CD2AD1F33BB2700F630BE /* NSDictionary+DVAPlistModelDatasource.m */,
				C88CD2AE1F33BB2700F630BE /* NSDictionary+DVATableViewModelDatasource.h */,
				C88CD2AF1F33BB2700F630BE /* NSDictionary+DVATableViewModelDatasource.m */,
				C88CD2B01F33BB2700F630BE /* NSDictionary+DVATableViewModelProtocol.h */,
				C88CD2B11F33BB2700F630BE /* NSDictionary+DVATableViewModelProtocol.m */,
			);
			path = Categories;
			sourceTree = "<group>";
		};
		C88CD2B61F33BB2700F630BE /* Subclasses */ = {
			isa = PBXGroup;
			children = (
				C88CD2B71F33BB2700F630BE /* DVATableViewCellModel.h */,
				C88CD2B81F33BB2700F630BE /* DVATableViewCellModel.m */,
				C88CD2B91F33BB2700F630BE /* DVATableViewModel.h */,
				C88CD2BA1F33BB2700F630BE /* DVATableViewModel.m */,
				C88CD2BB1F33BB2700F630BE /* DVATableViewSectionModel.h */,
				C88CD2BC1F33BB2700F630BE /* DVATableViewSectionModel.m */,
			);
			path = Subclasses;
			sourceTree = "<group>";
		};
		C88CD2E91F33BEC700F630BE /* InstagramKit */ = {
			isa = PBXGroup;
			children = (
				C88CD2EA1F33BEC700F630BE /* Engine */,
				C88CD2ED1F33BEC700F630BE /* InstagramKit.h */,
				C88CD2EE1F33BEC700F630BE /* InstagramKitConstants.h */,
				C88CD2EF1F33BEC700F630BE /* InstagramKitConstants.m */,
				C88CD2F01F33BEC700F630BE /* Models */,
			);
			path = InstagramKit;
			sourceTree = "<group>";
		};
		C88CD2EA1F33BEC700F630BE /* Engine */ = {
			isa = PBXGroup;
			children = (
				C88CD2EB1F33BEC700F630BE /* InstagramEngine.h */,
				C88CD2EC1F33BEC700F630BE /* InstagramEngine.m */,
			);
			path = Engine;
			sourceTree = "<group>";
		};
		C88CD2F01F33BEC700F630BE /* Models */ = {
			isa = PBXGroup;
			children = (
				C88CD2F11F33BEC700F630BE /* InstagramComment.h */,
				C88CD2F21F33BEC700F630BE /* InstagramComment.m */,
				C88CD2F31F33BEC700F630BE /* InstagramLocation.h */,
				C88CD2F41F33BEC700F630BE /* InstagramLocation.m */,
				C88CD2F51F33BEC700F630BE /* InstagramMedia.h */,
				C88CD2F61F33BEC700F630BE /* InstagramMedia.m */,
				C88CD2F71F33BEC700F630BE /* InstagramModel.h */,
				C88CD2F81F33BEC700F630BE /* InstagramModel.m */,
				C88CD2F91F33BEC700F630BE /* InstagramPaginationInfo.h */,
				C88CD2FA1F33BEC700F630BE /* InstagramPaginationInfo.m */,
				C88CD2FB1F33BEC700F630BE /* InstagramTag.h */,
				C88CD2FC1F33BEC700F630BE /* InstagramTag.m */,
				C88CD2FD1F33BEC700F630BE /* InstagramUser.h */,
				C88CD2FE1F33BEC700F630BE /* InstagramUser.m */,
				C88CD2FF1F33BEC700F630BE /* UserInPhoto.h */,
				C88CD3001F33BEC700F630BE /* UserInPhoto.m */,
			);
			path = Models;
			sourceTree = "<group>";
		};
		C8D93BEB1F37184400FBC3C3 /* UICKeyChainStore */ = {
			isa = PBXGroup;
			children = (
				C8D93BEC1F37184400FBC3C3 /* Lib */,
				C8D93BF01F37184400FBC3C3 /* LICENSE */,
				C8D93BF11F37184400FBC3C3 /* README.md */,
			);
			path = UICKeyChainStore;
			sourceTree = "<group>";
		};
		C8D93BEC1F37184400FBC3C3 /* Lib */ = {
			isa = PBXGroup;
			children = (
				C8D93BED1F37184400FBC3C3 /* UICKeyChainStore */,
			);
			path = Lib;
			sourceTree = "<group>";
		};
		C8D93BED1F37184400FBC3C3 /* UICKeyChainStore */ = {
			isa = PBXGroup;
			children = (
				C8D93BEE1F37184400FBC3C3 /* UICKeyChainStore.h */,
				C8D93BEF1F37184400FBC3C3 /* UICKeyChainStore.m */,
			);
			path = UICKeyChainStore;
			sourceTree = "<group>";
		};
		C8DB721E1F3473E600A68410 /* Twitter Provider */ = {
			isa = PBXGroup;
			children = (
				C8DB721F1F34740000A68410 /* SFTwitterProvider.swift */,
			);
			path = "Twitter Provider";
			sourceTree = "<group>";
		};
		C8DB72251F36395800A68410 /* Extensions */ = {
			isa = PBXGroup;
			children = (
				C8DB72291F363A0E00A68410 /* SFString.swift */,
				C8DB722B1F3656B200A68410 /* SFFont.swift */,
				C8D93BF51F371E8000FBC3C3 /* SFDate.swift */,
			);
			path = Extensions;
			sourceTree = "<group>";
		};
		CA8CF97E73DFD2A04AD547BA /* Frameworks */ = {
			isa = PBXGroup;
			children = (
				6F7578EF6CA04483A32CB35F /* Pods_Social_Feed.framework */,
				F55AF61A3FED9054E5960D03 /* Pods_Social_FeedTests.framework */,
			);
			name = Frameworks;
			sourceTree = "<group>";
		};
/* End PBXGroup section */

/* Begin PBXNativeTarget section */
		C88CD2421F3376E100F630BE /* Social Feed */ = {
			isa = PBXNativeTarget;
			buildConfigurationList = C88CD2601F3376E100F630BE /* Build configuration list for PBXNativeTarget "Social Feed" */;
			buildPhases = (
				ED6F247542B5CBB6EEEA3836 /* [CP] Check Pods Manifest.lock */,
				C88CD23F1F3376E100F630BE /* Sources */,
				C88CD2401F3376E100F630BE /* Frameworks */,
				C88CD2411F3376E100F630BE /* Resources */,
				226ECCD87E488BC99A21403F /* [CP] Embed Pods Frameworks */,
				ABEF537076600B0643548002 /* [CP] Copy Pods Resources */,
			);
			buildRules = (
			);
			dependencies = (
			);
			name = "Social Feed";
			productName = "Social Feed";
			productReference = C88CD2431F3376E100F630BE /* Social Feed.app */;
			productType = "com.apple.product-type.application";
		};
		C88CD2561F3376E100F630BE /* Social FeedTests */ = {
			isa = PBXNativeTarget;
			buildConfigurationList = C88CD2631F3376E100F630BE /* Build configuration list for PBXNativeTarget "Social FeedTests" */;
			buildPhases = (
				FEB4B5B8ACF3D4D8B6FFE4EE /* [CP] Check Pods Manifest.lock */,
				C88CD2531F3376E100F630BE /* Sources */,
				C88CD2541F3376E100F630BE /* Frameworks */,
				C88CD2551F3376E100F630BE /* Resources */,
				3C68CF7EC8239D4882D79CCD /* [CP] Embed Pods Frameworks */,
				B9EE7D3E38473F09E959AA4B /* [CP] Copy Pods Resources */,
			);
			buildRules = (
			);
			dependencies = (
				C88CD2591F3376E100F630BE /* PBXTargetDependency */,
			);
			name = "Social FeedTests";
			productName = "Social FeedTests";
			productReference = C88CD2571F3376E100F630BE /* Social FeedTests.xctest */;
			productType = "com.apple.product-type.bundle.unit-test";
		};
/* End PBXNativeTarget section */

/* Begin PBXProject section */
		C88CD23B1F3376E100F630BE /* Project object */ = {
			isa = PBXProject;
			attributes = {
				CLASSPREFIX = SF;
				LastSwiftUpdateCheck = 0830;
				LastUpgradeCheck = 0830;
				ORGANIZATIONNAME = "Social Feed";
				TargetAttributes = {
					C88CD2421F3376E100F630BE = {
						CreatedOnToolsVersion = 8.3.3;
						DevelopmentTeam = 5753N2Y6RP;
						LastSwiftMigration = 0830;
						ProvisioningStyle = Automatic;
					};
					C88CD2561F3376E100F630BE = {
						CreatedOnToolsVersion = 8.3.3;
						ProvisioningStyle = Automatic;
						TestTargetID = C88CD2421F3376E100F630BE;
					};
				};
			};
			buildConfigurationList = C88CD23E1F3376E100F630BE /* Build configuration list for PBXProject "Social Feed" */;
			compatibilityVersion = "Xcode 3.2";
			developmentRegion = English;
			hasScannedForEncodings = 0;
			knownRegions = (
				en,
				Base,
			);
			mainGroup = C88CD23A1F3376E100F630BE;
			productRefGroup = C88CD2441F3376E100F630BE /* Products */;
			projectDirPath = "";
			projectRoot = "";
			targets = (
				C88CD2421F3376E100F630BE /* Social Feed */,
				C88CD2561F3376E100F630BE /* Social FeedTests */,
			);
		};
/* End PBXProject section */

/* Begin PBXResourcesBuildPhase section */
		C88CD2411F3376E100F630BE /* Resources */ = {
			isa = PBXResourcesBuildPhase;
			buildActionMask = 2147483647;
			files = (
				C88CD28B1F338CA900F630BE /* Login.storyboard in Resources */,
				C8DB72301F36689200A68410 /* SFTwitterFeedImageTableViewCell.xib in Resources */,
				C8D93BF31F37184400FBC3C3 /* LICENSE in Resources */,
				C88CD29D1F33B9A200F630BE /* SFInstagramFeedTableViewCell.xib in Resources */,
				C8D93BFA1F37647900FBC3C3 /* Localizable.strings in Resources */,
				C8DB72241F34918100A68410 /* SFTwitterFeedTableViewCell.xib in Resources */,
				C88CD2511F3376E100F630BE /* LaunchScreen.storyboard in Resources */,
				C88CD24E1F3376E100F630BE /* Assets.xcassets in Resources */,
				C88CD2741F33815E00F630BE /* Feed.storyboard in Resources */,
			);
			runOnlyForDeploymentPostprocessing = 0;
		};
		C88CD2551F3376E100F630BE /* Resources */ = {
			isa = PBXResourcesBuildPhase;
			buildActionMask = 2147483647;
			files = (
			);
			runOnlyForDeploymentPostprocessing = 0;
		};
/* End PBXResourcesBuildPhase section */

/* Begin PBXShellScriptBuildPhase section */
		226ECCD87E488BC99A21403F /* [CP] Embed Pods Frameworks */ = {
			isa = PBXShellScriptBuildPhase;
			buildActionMask = 2147483647;
			files = (
			);
			inputPaths = (
			);
			name = "[CP] Embed Pods Frameworks";
			outputPaths = (
			);
			runOnlyForDeploymentPostprocessing = 0;
			shellPath = /bin/sh;
			shellScript = "\"${SRCROOT}/Pods/Target Support Files/Pods-Social Feed/Pods-Social Feed-frameworks.sh\"\n";
			showEnvVarsInLog = 0;
		};
		3C68CF7EC8239D4882D79CCD /* [CP] Embed Pods Frameworks */ = {
			isa = PBXShellScriptBuildPhase;
			buildActionMask = 2147483647;
			files = (
			);
			inputPaths = (
			);
			name = "[CP] Embed Pods Frameworks";
			outputPaths = (
			);
			runOnlyForDeploymentPostprocessing = 0;
			shellPath = /bin/sh;
			shellScript = "\"${SRCROOT}/Pods/Target Support Files/Pods-Social FeedTests/Pods-Social FeedTests-frameworks.sh\"\n";
			showEnvVarsInLog = 0;
		};
		ABEF537076600B0643548002 /* [CP] Copy Pods Resources */ = {
			isa = PBXShellScriptBuildPhase;
			buildActionMask = 2147483647;
			files = (
			);
			inputPaths = (
			);
			name = "[CP] Copy Pods Resources";
			outputPaths = (
			);
			runOnlyForDeploymentPostprocessing = 0;
			shellPath = /bin/sh;
			shellScript = "\"${SRCROOT}/Pods/Target Support Files/Pods-Social Feed/Pods-Social Feed-resources.sh\"\n";
			showEnvVarsInLog = 0;
		};
		B9EE7D3E38473F09E959AA4B /* [CP] Copy Pods Resources */ = {
			isa = PBXShellScriptBuildPhase;
			buildActionMask = 2147483647;
			files = (
			);
			inputPaths = (
			);
			name = "[CP] Copy Pods Resources";
			outputPaths = (
			);
			runOnlyForDeploymentPostprocessing = 0;
			shellPath = /bin/sh;
			shellScript = "\"${SRCROOT}/Pods/Target Support Files/Pods-Social FeedTests/Pods-Social FeedTests-resources.sh\"\n";
			showEnvVarsInLog = 0;
		};
		ED6F247542B5CBB6EEEA3836 /* [CP] Check Pods Manifest.lock */ = {
			isa = PBXShellScriptBuildPhase;
			buildActionMask = 2147483647;
			files = (
			);
			inputPaths = (
			);
			name = "[CP] Check Pods Manifest.lock";
			outputPaths = (
			);
			runOnlyForDeploymentPostprocessing = 0;
			shellPath = /bin/sh;
			shellScript = "diff \"${PODS_ROOT}/../Podfile.lock\" \"${PODS_ROOT}/Manifest.lock\" > /dev/null\nif [ $? != 0 ] ; then\n    # print error to STDERR\n    echo \"error: The sandbox is not in sync with the Podfile.lock. Run 'pod install' or update your CocoaPods installation.\" >&2\n    exit 1\nfi\n";
			showEnvVarsInLog = 0;
		};
		FEB4B5B8ACF3D4D8B6FFE4EE /* [CP] Check Pods Manifest.lock */ = {
			isa = PBXShellScriptBuildPhase;
			buildActionMask = 2147483647;
			files = (
			);
			inputPaths = (
			);
			name = "[CP] Check Pods Manifest.lock";
			outputPaths = (
			);
			runOnlyForDeploymentPostprocessing = 0;
			shellPath = /bin/sh;
			shellScript = "diff \"${PODS_ROOT}/../Podfile.lock\" \"${PODS_ROOT}/Manifest.lock\" > /dev/null\nif [ $? != 0 ] ; then\n    # print error to STDERR\n    echo \"error: The sandbox is not in sync with the Podfile.lock. Run 'pod install' or update your CocoaPods installation.\" >&2\n    exit 1\nfi\n";
			showEnvVarsInLog = 0;
		};
/* End PBXShellScriptBuildPhase section */

/* Begin PBXSourcesBuildPhase section */
		C88CD23F1F3376E100F630BE /* Sources */ = {
			isa = PBXSourcesBuildPhase;
			buildActionMask = 2147483647;
			files = (
				C88CD3011F33BEC700F630BE /* InstagramEngine.m in Sources */,
				C88CD27C1F3381FE00F630BE /* SFBaseViewController.swift in Sources */,
				C88CD2BE1F33BB2700F630BE /* DVAProtocolDataSourceForTableView.m in Sources */,
				C88CD2C41F33BB2700F630BE /* DVATableViewCellModel.m in Sources */,
				C88CD3061F33BEC700F630BE /* InstagramModel.m in Sources */,
				C88CD2C31F33BB2700F630BE /* NSDictionary+DVATableViewModelProtocol.m in Sources */,
				C88CD3071F33BEC700F630BE /* InstagramPaginationInfo.m in Sources */,
				C8DB722A1F363A0E00A68410 /* SFString.swift in Sources */,
				C8D93BF61F371E8000FBC3C3 /* SFDate.swift in Sources */,
				C88CD3051F33BEC700F630BE /* InstagramMedia.m in Sources */,
				C88CD2981F33B15200F630BE /* SFItemFeed.swift in Sources */,
				C88CD2821F33828D00F630BE /* SFBaseProvider.swift in Sources */,
				C88CD29C1F33B9A200F630BE /* SFInstagramFeedTableViewCell.swift in Sources */,
				C8DB72231F34918100A68410 /* SFTwitterFeedTableViewCell.swift in Sources */,
				C88CD2BD1F33BB2700F630BE /* DVAArrayDataSourceForTableView.m in Sources */,
				C8DB722F1F36689200A68410 /* SFTwitterFeedImageTableViewCell.swift in Sources */,
				C88CD2881F33899E00F630BE /* SFRouterManager.swift in Sources */,
				C88CD30C1F33C0EA00F630BE /* SFFeedListView.swift in Sources */,
				C88CD2851F3383F000F630BE /* SFInstagramProvider.swift in Sources */,
				C88CD2C61F33BB2700F630BE /* DVATableViewSectionModel.m in Sources */,
				C88CD3091F33BEC700F630BE /* InstagramUser.m in Sources */,
				C88CD2C11F33BB2700F630BE /* NSDictionary+DVAPlistModelDatasource.m in Sources */,
				C88CD2C51F33BB2700F630BE /* DVATableViewModel.m in Sources */,
				C88CD3021F33BEC700F630BE /* InstagramKitConstants.m in Sources */,
				C88CD2A01F33B9E600F630BE /* SFFeedViewObject.swift in Sources */,
				C8D93BF41F37184400FBC3C3 /* README.md in Sources */,
				C8DB72201F34740000A68410 /* SFTwitterProvider.swift in Sources */,
				C88CD2921F3390AB00F630BE /* SFInstagramLoginView.swift in Sources */,
				C88CD27E1F33823200F630BE /* SFFeedListViewController.swift in Sources */,
				C88CD3081F33BEC700F630BE /* InstagramTag.m in Sources */,
				C88CD30A1F33BEC700F630BE /* UserInPhoto.m in Sources */,
				C88CD2951F3390CE00F630BE /* SFBaseView.swift in Sources */,
				C88CD2711F337FD000F630BE /* SFInstagramRequestManager.m in Sources */,
				C88CD2901F338CF100F630BE /* SFInstagramLoginViewController.swift in Sources */,
				C88CD3041F33BEC700F630BE /* InstagramLocation.m in Sources */,
				C88CD2C01F33BB2700F630BE /* NSArray+DVATableViewModelDatasource.m in Sources */,
				C88CD3031F33BEC700F630BE /* InstagramComment.m in Sources */,
				C88CD2BF1F33BB2700F630BE /* NSArray+DVAPlistModelDatasource.m in Sources */,
				C88CD2471F3376E100F630BE /* AppDelegate.swift in Sources */,
				C8D93BF21F37184400FBC3C3 /* UICKeyChainStore.m in Sources */,
				C88CD2C21F33BB2700F630BE /* NSDictionary+DVATableViewModelDatasource.m in Sources */,
				C8DB722C1F3656B200A68410 /* SFFont.swift in Sources */,
				C8DB721D1F34611B00A68410 /* SFTwitterRequestManager.swift in Sources */,
			);
			runOnlyForDeploymentPostprocessing = 0;
		};
		C88CD2531F3376E100F630BE /* Sources */ = {
			isa = PBXSourcesBuildPhase;
			buildActionMask = 2147483647;
			files = (
				C88CD26A1F337D0300F630BE /* InstagramRequestManagerTests.swift in Sources */,
				C88CD25C1F3376E100F630BE /* Social_FeedTests.swift in Sources */,
			);
			runOnlyForDeploymentPostprocessing = 0;
		};
/* End PBXSourcesBuildPhase section */

/* Begin PBXTargetDependency section */
		C88CD2591F3376E100F630BE /* PBXTargetDependency */ = {
			isa = PBXTargetDependency;
			target = C88CD2421F3376E100F630BE /* Social Feed */;
			targetProxy = C88CD2581F3376E100F630BE /* PBXContainerItemProxy */;
		};
/* End PBXTargetDependency section */

/* Begin PBXVariantGroup section */
		C88CD24F1F3376E100F630BE /* LaunchScreen.storyboard */ = {
			isa = PBXVariantGroup;
			children = (
				C88CD2501F3376E100F630BE /* Base */,
				C8D93BF71F37640B00FBC3C3 /* es */,
			);
			name = LaunchScreen.storyboard;
			sourceTree = "<group>";
		};
		C8D93BFC1F37647900FBC3C3 /* Localizable.strings */ = {
			isa = PBXVariantGroup;
			children = (
				C8D93BFB1F37647900FBC3C3 /* es */,
				C8D93BFD1F37647C00FBC3C3 /* en */,
			);
			name = Localizable.strings;
			sourceTree = "<group>";
		};
/* End PBXVariantGroup section */

/* Begin XCBuildConfiguration section */
		C88CD25E1F3376E100F630BE /* Debug */ = {
			isa = XCBuildConfiguration;
			buildSettings = {
				ALWAYS_SEARCH_USER_PATHS = NO;
				CLANG_ANALYZER_LOCALIZABILITY_NONLOCALIZED = YES;
				CLANG_ANALYZER_NONNULL = YES;
				CLANG_ANALYZER_NUMBER_OBJECT_CONVERSION = YES_AGGRESSIVE;
				CLANG_CXX_LANGUAGE_STANDARD = "gnu++0x";
				CLANG_CXX_LIBRARY = "libc++";
				CLANG_ENABLE_MODULES = YES;
				CLANG_ENABLE_OBJC_ARC = YES;
				CLANG_WARN_BOOL_CONVERSION = YES;
				CLANG_WARN_CONSTANT_CONVERSION = YES;
				CLANG_WARN_DIRECT_OBJC_ISA_USAGE = YES_ERROR;
				CLANG_WARN_DOCUMENTATION_COMMENTS = YES;
				CLANG_WARN_EMPTY_BODY = YES;
				CLANG_WARN_ENUM_CONVERSION = YES;
				CLANG_WARN_INFINITE_RECURSION = YES;
				CLANG_WARN_INT_CONVERSION = YES;
				CLANG_WARN_OBJC_ROOT_CLASS = YES_ERROR;
				CLANG_WARN_SUSPICIOUS_MOVE = YES;
				CLANG_WARN_UNREACHABLE_CODE = YES;
				CLANG_WARN__DUPLICATE_METHOD_MATCH = YES;
				"CODE_SIGN_IDENTITY[sdk=iphoneos*]" = "iPhone Developer";
				COPY_PHASE_STRIP = NO;
				DEBUG_INFORMATION_FORMAT = dwarf;
				ENABLE_STRICT_OBJC_MSGSEND = YES;
				ENABLE_TESTABILITY = YES;
				GCC_C_LANGUAGE_STANDARD = gnu99;
				GCC_DYNAMIC_NO_PIC = NO;
				GCC_NO_COMMON_BLOCKS = YES;
				GCC_OPTIMIZATION_LEVEL = 0;
				GCC_PREPROCESSOR_DEFINITIONS = (
					"DEBUG=1",
					"$(inherited)",
				);
				GCC_WARN_64_TO_32_BIT_CONVERSION = YES;
				GCC_WARN_ABOUT_RETURN_TYPE = YES_ERROR;
				GCC_WARN_UNDECLARED_SELECTOR = YES;
				GCC_WARN_UNINITIALIZED_AUTOS = YES_AGGRESSIVE;
				GCC_WARN_UNUSED_FUNCTION = YES;
				GCC_WARN_UNUSED_VARIABLE = YES;
				IPHONEOS_DEPLOYMENT_TARGET = 10.3;
				MTL_ENABLE_DEBUG_INFO = YES;
				ONLY_ACTIVE_ARCH = YES;
				SDKROOT = iphoneos;
				SWIFT_ACTIVE_COMPILATION_CONDITIONS = DEBUG;
				SWIFT_OPTIMIZATION_LEVEL = "-Onone";
			};
			name = Debug;
		};
		C88CD25F1F3376E100F630BE /* Release */ = {
			isa = XCBuildConfiguration;
			buildSettings = {
				ALWAYS_SEARCH_USER_PATHS = NO;
				CLANG_ANALYZER_LOCALIZABILITY_NONLOCALIZED = YES;
				CLANG_ANALYZER_NONNULL = YES;
				CLANG_ANALYZER_NUMBER_OBJECT_CONVERSION = YES_AGGRESSIVE;
				CLANG_CXX_LANGUAGE_STANDARD = "gnu++0x";
				CLANG_CXX_LIBRARY = "libc++";
				CLANG_ENABLE_MODULES = YES;
				CLANG_ENABLE_OBJC_ARC = YES;
				CLANG_WARN_BOOL_CONVERSION = YES;
				CLANG_WARN_CONSTANT_CONVERSION = YES;
				CLANG_WARN_DIRECT_OBJC_ISA_USAGE = YES_ERROR;
				CLANG_WARN_DOCUMENTATION_COMMENTS = YES;
				CLANG_WARN_EMPTY_BODY = YES;
				CLANG_WARN_ENUM_CONVERSION = YES;
				CLANG_WARN_INFINITE_RECURSION = YES;
				CLANG_WARN_INT_CONVERSION = YES;
				CLANG_WARN_OBJC_ROOT_CLASS = YES_ERROR;
				CLANG_WARN_SUSPICIOUS_MOVE = YES;
				CLANG_WARN_UNREACHABLE_CODE = YES;
				CLANG_WARN__DUPLICATE_METHOD_MATCH = YES;
				"CODE_SIGN_IDENTITY[sdk=iphoneos*]" = "iPhone Developer";
				COPY_PHASE_STRIP = NO;
				DEBUG_INFORMATION_FORMAT = "dwarf-with-dsym";
				ENABLE_NS_ASSERTIONS = NO;
				ENABLE_STRICT_OBJC_MSGSEND = YES;
				GCC_C_LANGUAGE_STANDARD = gnu99;
				GCC_NO_COMMON_BLOCKS = YES;
				GCC_WARN_64_TO_32_BIT_CONVERSION = YES;
				GCC_WARN_ABOUT_RETURN_TYPE = YES_ERROR;
				GCC_WARN_UNDECLARED_SELECTOR = YES;
				GCC_WARN_UNINITIALIZED_AUTOS = YES_AGGRESSIVE;
				GCC_WARN_UNUSED_FUNCTION = YES;
				GCC_WARN_UNUSED_VARIABLE = YES;
				IPHONEOS_DEPLOYMENT_TARGET = 10.3;
				MTL_ENABLE_DEBUG_INFO = NO;
				SDKROOT = iphoneos;
				SWIFT_OPTIMIZATION_LEVEL = "-Owholemodule";
				VALIDATE_PRODUCT = YES;
			};
			name = Release;
		};
		C88CD2611F3376E100F630BE /* Debug */ = {
			isa = XCBuildConfiguration;
			baseConfigurationReference = C9BBFC0285D9D30C175B28EC /* Pods-Social Feed.debug.xcconfig */;
			buildSettings = {
				ALWAYS_EMBED_SWIFT_STANDARD_LIBRARIES = "$(inherited)";
				ASSETCATALOG_COMPILER_APPICON_NAME = AppIcon;
				CLANG_ENABLE_MODULES = YES;
				DEVELOPMENT_TEAM = 5753N2Y6RP;
				INFOPLIST_FILE = "Social Feed/Info.plist";
				LD_RUNPATH_SEARCH_PATHS = "$(inherited) @executable_path/Frameworks";
				PRODUCT_BUNDLE_IDENTIFIER = "co.socialfeed.Social-Feed";
				PRODUCT_NAME = "$(TARGET_NAME)";
				SWIFT_OBJC_BRIDGING_HEADER = "Social Feed/Social Feed-Bridging-Header.h";
				SWIFT_OPTIMIZATION_LEVEL = "-Onone";
				SWIFT_VERSION = 3.0;
			};
			name = Debug;
		};
		C88CD2621F3376E100F630BE /* Release */ = {
			isa = XCBuildConfiguration;
			baseConfigurationReference = F3FADA8D04CB750455161E71 /* Pods-Social Feed.release.xcconfig */;
			buildSettings = {
				ALWAYS_EMBED_SWIFT_STANDARD_LIBRARIES = "$(inherited)";
				ASSETCATALOG_COMPILER_APPICON_NAME = AppIcon;
				CLANG_ENABLE_MODULES = YES;
				DEVELOPMENT_TEAM = 5753N2Y6RP;
				INFOPLIST_FILE = "Social Feed/Info.plist";
				LD_RUNPATH_SEARCH_PATHS = "$(inherited) @executable_path/Frameworks";
				PRODUCT_BUNDLE_IDENTIFIER = "co.socialfeed.Social-Feed";
				PRODUCT_NAME = "$(TARGET_NAME)";
				SWIFT_OBJC_BRIDGING_HEADER = "Social Feed/Social Feed-Bridging-Header.h";
				SWIFT_VERSION = 3.0;
			};
			name = Release;
		};
		C88CD2641F3376E100F630BE /* Debug */ = {
			isa = XCBuildConfiguration;
			baseConfigurationReference = C6FF61BAF528AB88CDF8AE6A /* Pods-Social FeedTests.debug.xcconfig */;
			buildSettings = {
				ALWAYS_EMBED_SWIFT_STANDARD_LIBRARIES = "$(inherited)";
				BUNDLE_LOADER = "$(TEST_HOST)";
				INFOPLIST_FILE = "Social FeedTests/Info.plist";
				LD_RUNPATH_SEARCH_PATHS = "$(inherited) @executable_path/Frameworks @loader_path/Frameworks";
				PRODUCT_BUNDLE_IDENTIFIER = "co.socialfeed.Social-FeedTests";
				PRODUCT_NAME = "$(TARGET_NAME)";
				SWIFT_VERSION = 3.0;
				TEST_HOST = "$(BUILT_PRODUCTS_DIR)/Social Feed.app/Social Feed";
			};
			name = Debug;
		};
		C88CD2651F3376E100F630BE /* Release */ = {
			isa = XCBuildConfiguration;
			baseConfigurationReference = 7B276EC70063C4434BE9504D /* Pods-Social FeedTests.release.xcconfig */;
			buildSettings = {
				ALWAYS_EMBED_SWIFT_STANDARD_LIBRARIES = "$(inherited)";
				BUNDLE_LOADER = "$(TEST_HOST)";
				INFOPLIST_FILE = "Social FeedTests/Info.plist";
				LD_RUNPATH_SEARCH_PATHS = "$(inherited) @executable_path/Frameworks @loader_path/Frameworks";
				PRODUCT_BUNDLE_IDENTIFIER = "co.socialfeed.Social-FeedTests";
				PRODUCT_NAME = "$(TARGET_NAME)";
				SWIFT_VERSION = 3.0;
				TEST_HOST = "$(BUILT_PRODUCTS_DIR)/Social Feed.app/Social Feed";
			};
			name = Release;
		};
/* End XCBuildConfiguration section */

/* Begin XCConfigurationList section */
		C88CD23E1F3376E100F630BE /* Build configuration list for PBXProject "Social Feed" */ = {
			isa = XCConfigurationList;
			buildConfigurations = (
				C88CD25E1F3376E100F630BE /* Debug */,
				C88CD25F1F3376E100F630BE /* Release */,
			);
			defaultConfigurationIsVisible = 0;
			defaultConfigurationName = Release;
		};
		C88CD2601F3376E100F630BE /* Build configuration list for PBXNativeTarget "Social Feed" */ = {
			isa = XCConfigurationList;
			buildConfigurations = (
				C88CD2611F3376E100F630BE /* Debug */,
				C88CD2621F3376E100F630BE /* Release */,
			);
			defaultConfigurationIsVisible = 0;
			defaultConfigurationName = Release;
		};
		C88CD2631F3376E100F630BE /* Build configuration list for PBXNativeTarget "Social FeedTests" */ = {
			isa = XCConfigurationList;
			buildConfigurations = (
				C88CD2641F3376E100F630BE /* Debug */,
				C88CD2651F3376E100F630BE /* Release */,
			);
			defaultConfigurationIsVisible = 0;
			defaultConfigurationName = Release;
		};
/* End XCConfigurationList section */
	};
	rootObject = C88CD23B1F3376E100F630BE /* Project object */;
}
